
Microsoft Visual Studio Solution File, Format Version 12.00
# Visual Studio 15
VisualStudioVersion = 15.0.28307.489
MinimumVisualStudioVersion = 10.0.40219.1
Project("{FAE04EC0-301F-11D3-BF4B-00C04F79EFBC}") = "ArabicUnshaper", "ArabicUnshaper\ArabicUnshaper.csproj", "{D639D35C-2C9B-429C-B92C-0D33504AD301}"
EndProject
Global
	GlobalSection(SolutionConfigurationPlatforms) = preSolution
		Debug|Any CPU = Debug|Any CPU
		Release|Any CPU = Release|Any CPU
	EndGlobalSection
	GlobalSection(ProjectConfigurationPlatforms) = postSolution
		{D639D35C-2C9B-429C-B92C-0D33504AD301}.Debug|Any CPU.ActiveCfg = Debug|Any CPU
		{D639D35C-2C9B-429C-B92C-0D33504AD301}.Debug|Any CPU.Build.0 = Debug|Any CPU
		{D639D35C-2C9B-429C-B92C-0D33504AD301}.Release|Any CPU.ActiveCfg = Release|Any CPU
		{D639D35C-2C9B-429C-B92C-0D33504AD301}.Release|Any CPU.Build.0 = Release|Any CPU
	EndGlobalSection
	GlobalSection(SolutionProperties) = preSolution
		HideSolutionNode = FALSE
	EndGlobalSection
	GlobalSection(ExtensibilityGlobals) = postSolution
		SolutionGuid = {D372AC30-9304-417E-BA87-B6DAADAD6A5F}
	EndGlobalSection
EndGlobal
